
Microsoft Visual Studio Solution File, Format Version 12.00
# Visual Studio Version 17
VisualStudioVersion = 17.3.32825.248
MinimumVisualStudioVersion = 10.0.40219.1
Project("{FAE04EC0-301F-11D3-BF4B-00C04F79EFBC}") = "MagazinOnline", "MagazinOnline\MagazinOnline.csproj", "{3F5D304E-DB38-4EFE-883C-FC49C6403B44}"
EndProject
Global
	GlobalSection(SolutionConfigurationPlatforms) = preSolution
		Debug|Any CPU = Debug|Any CPU
		Release|Any CPU = Release|Any CPU
	EndGlobalSection
	GlobalSection(ProjectConfigurationPlatforms) = postSolution
		{3F5D304E-DB38-4EFE-883C-FC49C6403B44}.Debug|Any CPU.ActiveCfg = Debug|Any CPU
		{3F5D304E-DB38-4EFE-883C-FC49C6403B44}.Debug|Any CPU.Build.0 = Debug|Any CPU
		{3F5D304E-DB38-4EFE-883C-FC49C6403B44}.Release|Any CPU.ActiveCfg = Release|Any CPU
		{3F5D304E-DB38-4EFE-883C-FC49C6403B44}.Release|Any CPU.Build.0 = Release|Any CPU
	EndGlobalSection
	GlobalSection(SolutionProperties) = preSolution
		HideSolutionNode = FALSE
	EndGlobalSection
	GlobalSection(ExtensibilityGlobals) = postSolution
		SolutionGuid = {B34C40FD-2DB9-4D6C-B8E2-56559433B0BB}
	EndGlobalSection
EndGlobal
